{
	"name": "mod_splideghsvs",
	"version": "2022.09.12",
	"lockfileVersion": 2,
	"requires": true,
	"packages": {
		"": {
			"name": "mod_splideghsvs",
			"version": "2022.09.12",
			"license": "GPL-3.0",
			"dependencies": {
				"@splidejs/splide": "^4.0.14"
			},
			"devDependencies": {}
		},
		"node_modules/@splidejs/splide": {
			"version": "4.0.17",
			"resolved": "https://registry.npmjs.org/@splidejs/splide/-/splide-4.0.17.tgz",
			"integrity": "sha512-k67vDY0+hl7Qi+I+juOF+DO1KuRw+4RfV5x5SlIVrK60DmMzQvp2j9CqDzixUw3jDDoEaPTGY4BKy5SZSiFf1Q=="
		}
	},
	"dependencies": {
		"@splidejs/splide": {
			"version": "4.0.17",
			"resolved": "https://registry.npmjs.org/@splidejs/splide/-/splide-4.0.17.tgz",
			"integrity": "sha512-k67vDY0+hl7Qi+I+juOF+DO1KuRw+4RfV5x5SlIVrK60DmMzQvp2j9CqDzixUw3jDDoEaPTGY4BKy5SZSiFf1Q=="
		}
	}
}
