{
	"name": "mod_splideghsvs",
	"version": "2022.08.15",
	"lockfileVersion": 2,
	"requires": true,
	"packages": {
		"": {
			"name": "mod_splideghsvs",
			"version": "2022.08.15",
			"license": "GPL-3.0",
			"dependencies": {
				"@splidejs/splide": "^4.0.7"
			},
			"devDependencies": {}
		},
		"node_modules/@splidejs/splide": {
			"version": "4.0.7",
			"resolved": "https://registry.npmjs.org/@splidejs/splide/-/splide-4.0.7.tgz",
			"integrity": "sha512-aJAOGJN2lwjwou3mxQofc3uhe+RXpw9in0WfysFX7AMT/mj7wSqoetfm41s7J8jU6FJ3ZWaLYgSJIpBAQ5wyqw=="
		}
	},
	"dependencies": {
		"@splidejs/splide": {
			"version": "4.0.7",
			"resolved": "https://registry.npmjs.org/@splidejs/splide/-/splide-4.0.7.tgz",
			"integrity": "sha512-aJAOGJN2lwjwou3mxQofc3uhe+RXpw9in0WfysFX7AMT/mj7wSqoetfm41s7J8jU6FJ3ZWaLYgSJIpBAQ5wyqw=="
		}
	}
}
